
Microsoft Visual Studio Solution File, Format Version 12.00
# Visual Studio 14
VisualStudioVersion = 14.0.25420.1
MinimumVisualStudioVersion = 10.0.40219.1
Project("{FAE04EC0-301F-11D3-BF4B-00C04F79EFBC}") = "PCL.DataModel", "PCL\PCL.DataModel\PCL.DataModel.csproj", "{532B9F94-4D8E-41AA-8F76-8B59526AF5B4}"
EndProject
Project("{FAE04EC0-301F-11D3-BF4B-00C04F79EFBC}") = "PCL.Interfaces", "PCL\PCL.Interfaces\PCL.Interfaces.csproj", "{FAEFC259-FF2E-49C3-95F2-7EA58EBD3B15}"
EndProject
Project("{FAE04EC0-301F-11D3-BF4B-00C04F79EFBC}") = "PCL.ViewModel", "PCL\PCL.ViewModel\PCL.ViewModel.csproj", "{7D1D6E99-897F-4080-BB38-623ABC836FD9}"
EndProject
Project("{FAE04EC0-301F-11D3-BF4B-00C04F79EFBC}") = "ModbusTcpToSnmp.Console", "ModbusTcpToSnmp.Console\ModbusTcpToSnmp.Console.csproj", "{DA58ECDA-DB5D-41D0-982A-7E17E8172354}"
EndProject
Project("{FAE04EC0-301F-11D3-BF4B-00C04F79EFBC}") = "JsonConfigToMib.Console", "Util\JsonToMib\JsonConfigToMib.Console.csproj", "{4D393AD4-9DF8-4864-8B92-A64D46DA038C}"
EndProject
Project("{FAE04EC0-301F-11D3-BF4B-00C04F79EFBC}") = "ModbusTcpToSnmp.WinService", "ModbusTcpToSnmp.WinService\ModbusTcpToSnmp.WinService.csproj", "{032FDD99-AAC5-4E05-BA6C-7AAFBB587B69}"
EndProject
Project("{2150E333-8FDC-42A3-9474-1A3956D46DE8}") = "Utils", "Utils", "{07A35832-5080-42FF-B49B-4CEEDFB51479}"
EndProject
Project("{2150E333-8FDC-42A3-9474-1A3956D46DE8}") = "PCL", "PCL", "{5819CB11-4898-44D0-8646-FAFE081002B2}"
EndProject
Project("{54435603-DBB4-11D2-8724-00A0C9A8B90C}") = "SetupProject", "SetupProject\SetupProject.vdproj", "{25695763-CABE-4F70-B682-F83237D1FB29}"
EndProject
Project("{FAE04EC0-301F-11D3-BF4B-00C04F79EFBC}") = "ModbusTcpDataReader.Console", "Util\ModbusDataReader\ModbusTcpDataReader.Console.csproj", "{72FA8AB6-CE77-4578-8202-0DD32264783E}"
EndProject
Project("{FAE04EC0-301F-11D3-BF4B-00C04F79EFBC}") = "SnmpClient", "Util\SnmpClient\SnmpClient.csproj", "{95758CFA-9597-42FF-B662-0B8B86720955}"
EndProject
Global
	GlobalSection(SolutionConfigurationPlatforms) = preSolution
		Debug|Any CPU = Debug|Any CPU
		Debug|x64 = Debug|x64
		Debug|x86 = Debug|x86
		Release|Any CPU = Release|Any CPU
		Release|x64 = Release|x64
		Release|x86 = Release|x86
	EndGlobalSection
	GlobalSection(ProjectConfigurationPlatforms) = postSolution
		{532B9F94-4D8E-41AA-8F76-8B59526AF5B4}.Debug|Any CPU.ActiveCfg = Debug|Any CPU
		{532B9F94-4D8E-41AA-8F76-8B59526AF5B4}.Debug|Any CPU.Build.0 = Debug|Any CPU
		{532B9F94-4D8E-41AA-8F76-8B59526AF5B4}.Debug|x64.ActiveCfg = Debug|x64
		{532B9F94-4D8E-41AA-8F76-8B59526AF5B4}.Debug|x64.Build.0 = Debug|x64
		{532B9F94-4D8E-41AA-8F76-8B59526AF5B4}.Debug|x86.ActiveCfg = Debug|Any CPU
		{532B9F94-4D8E-41AA-8F76-8B59526AF5B4}.Debug|x86.Build.0 = Debug|Any CPU
		{532B9F94-4D8E-41AA-8F76-8B59526AF5B4}.Release|Any CPU.ActiveCfg = Release|Any CPU
		{532B9F94-4D8E-41AA-8F76-8B59526AF5B4}.Release|Any CPU.Build.0 = Release|Any CPU
		{532B9F94-4D8E-41AA-8F76-8B59526AF5B4}.Release|x64.ActiveCfg = Release|x64
		{532B9F94-4D8E-41AA-8F76-8B59526AF5B4}.Release|x64.Build.0 = Release|x64
		{532B9F94-4D8E-41AA-8F76-8B59526AF5B4}.Release|x86.ActiveCfg = Release|Any CPU
		{532B9F94-4D8E-41AA-8F76-8B59526AF5B4}.Release|x86.Build.0 = Release|Any CPU
		{FAEFC259-FF2E-49C3-95F2-7EA58EBD3B15}.Debug|Any CPU.ActiveCfg = Debug|Any CPU
		{FAEFC259-FF2E-49C3-95F2-7EA58EBD3B15}.Debug|Any CPU.Build.0 = Debug|Any CPU
		{FAEFC259-FF2E-49C3-95F2-7EA58EBD3B15}.Debug|x64.ActiveCfg = Debug|x64
		{FAEFC259-FF2E-49C3-95F2-7EA58EBD3B15}.Debug|x64.Build.0 = Debug|x64
		{FAEFC259-FF2E-49C3-95F2-7EA58EBD3B15}.Debug|x86.ActiveCfg = Debug|Any CPU
		{FAEFC259-FF2E-49C3-95F2-7EA58EBD3B15}.Debug|x86.Build.0 = Debug|Any CPU
		{FAEFC259-FF2E-49C3-95F2-7EA58EBD3B15}.Release|Any CPU.ActiveCfg = Release|Any CPU
		{FAEFC259-FF2E-49C3-95F2-7EA58EBD3B15}.Release|Any CPU.Build.0 = Release|Any CPU
		{FAEFC259-FF2E-49C3-95F2-7EA58EBD3B15}.Release|x64.ActiveCfg = Release|x64
		{FAEFC259-FF2E-49C3-95F2-7EA58EBD3B15}.Release|x64.Build.0 = Release|x64
		{FAEFC259-FF2E-49C3-95F2-7EA58EBD3B15}.Release|x86.ActiveCfg = Release|Any CPU
		{FAEFC259-FF2E-49C3-95F2-7EA58EBD3B15}.Release|x86.Build.0 = Release|Any CPU
		{7D1D6E99-897F-4080-BB38-623ABC836FD9}.Debug|Any CPU.ActiveCfg = Debug|Any CPU
		{7D1D6E99-897F-4080-BB38-623ABC836FD9}.Debug|Any CPU.Build.0 = Debug|Any CPU
		{7D1D6E99-897F-4080-BB38-623ABC836FD9}.Debug|x64.ActiveCfg = Debug|x64
		{7D1D6E99-897F-4080-BB38-623ABC836FD9}.Debug|x64.Build.0 = Debug|x64
		{7D1D6E99-897F-4080-BB38-623ABC836FD9}.Debug|x86.ActiveCfg = Debug|Any CPU
		{7D1D6E99-897F-4080-BB38-623ABC836FD9}.Debug|x86.Build.0 = Debug|Any CPU
		{7D1D6E99-897F-4080-BB38-623ABC836FD9}.Release|Any CPU.ActiveCfg = Release|Any CPU
		{7D1D6E99-897F-4080-BB38-623ABC836FD9}.Release|Any CPU.Build.0 = Release|Any CPU
		{7D1D6E99-897F-4080-BB38-623ABC836FD9}.Release|x64.ActiveCfg = Release|x64
		{7D1D6E99-897F-4080-BB38-623ABC836FD9}.Release|x64.Build.0 = Release|x64
		{7D1D6E99-897F-4080-BB38-623ABC836FD9}.Release|x86.ActiveCfg = Release|Any CPU
		{7D1D6E99-897F-4080-BB38-623ABC836FD9}.Release|x86.Build.0 = Release|Any CPU
		{DA58ECDA-DB5D-41D0-982A-7E17E8172354}.Debug|Any CPU.ActiveCfg = Debug|Any CPU
		{DA58ECDA-DB5D-41D0-982A-7E17E8172354}.Debug|Any CPU.Build.0 = Debug|Any CPU
		{DA58ECDA-DB5D-41D0-982A-7E17E8172354}.Debug|x64.ActiveCfg = Debug|x64
		{DA58ECDA-DB5D-41D0-982A-7E17E8172354}.Debug|x64.Build.0 = Debug|x64
		{DA58ECDA-DB5D-41D0-982A-7E17E8172354}.Debug|x86.ActiveCfg = Debug|Any CPU
		{DA58ECDA-DB5D-41D0-982A-7E17E8172354}.Debug|x86.Build.0 = Debug|Any CPU
		{DA58ECDA-DB5D-41D0-982A-7E17E8172354}.Release|Any CPU.ActiveCfg = Release|Any CPU
		{DA58ECDA-DB5D-41D0-982A-7E17E8172354}.Release|Any CPU.Build.0 = Release|Any CPU
		{DA58ECDA-DB5D-41D0-982A-7E17E8172354}.Release|x64.ActiveCfg = Release|x64
		{DA58ECDA-DB5D-41D0-982A-7E17E8172354}.Release|x64.Build.0 = Release|x64
		{DA58ECDA-DB5D-41D0-982A-7E17E8172354}.Release|x86.ActiveCfg = Release|Any CPU
		{DA58ECDA-DB5D-41D0-982A-7E17E8172354}.Release|x86.Build.0 = Release|Any CPU
		{4D393AD4-9DF8-4864-8B92-A64D46DA038C}.Debug|Any CPU.ActiveCfg = Debug|x86
		{4D393AD4-9DF8-4864-8B92-A64D46DA038C}.Debug|Any CPU.Build.0 = Debug|x86
		{4D393AD4-9DF8-4864-8B92-A64D46DA038C}.Debug|x64.ActiveCfg = Debug|x64
		{4D393AD4-9DF8-4864-8B92-A64D46DA038C}.Debug|x64.Build.0 = Debug|x64
		{4D393AD4-9DF8-4864-8B92-A64D46DA038C}.Debug|x86.ActiveCfg = Debug|x86
		{4D393AD4-9DF8-4864-8B92-A64D46DA038C}.Debug|x86.Build.0 = Debug|x86
		{4D393AD4-9DF8-4864-8B92-A64D46DA038C}.Release|Any CPU.ActiveCfg = Release|x86
		{4D393AD4-9DF8-4864-8B92-A64D46DA038C}.Release|Any CPU.Build.0 = Release|x86
		{4D393AD4-9DF8-4864-8B92-A64D46DA038C}.Release|x64.ActiveCfg = Release|x64
		{4D393AD4-9DF8-4864-8B92-A64D46DA038C}.Release|x64.Build.0 = Release|x64
		{4D393AD4-9DF8-4864-8B92-A64D46DA038C}.Release|x86.ActiveCfg = Release|x86
		{4D393AD4-9DF8-4864-8B92-A64D46DA038C}.Release|x86.Build.0 = Release|x86
		{032FDD99-AAC5-4E05-BA6C-7AAFBB587B69}.Debug|Any CPU.ActiveCfg = Debug|Any CPU
		{032FDD99-AAC5-4E05-BA6C-7AAFBB587B69}.Debug|Any CPU.Build.0 = Debug|Any CPU
		{032FDD99-AAC5-4E05-BA6C-7AAFBB587B69}.Debug|x64.ActiveCfg = Debug|x64
		{032FDD99-AAC5-4E05-BA6C-7AAFBB587B69}.Debug|x64.Build.0 = Debug|x64
		{032FDD99-AAC5-4E05-BA6C-7AAFBB587B69}.Debug|x86.ActiveCfg = Debug|Any CPU
		{032FDD99-AAC5-4E05-BA6C-7AAFBB587B69}.Debug|x86.Build.0 = Debug|Any CPU
		{032FDD99-AAC5-4E05-BA6C-7AAFBB587B69}.Release|Any CPU.ActiveCfg = Release|Any CPU
		{032FDD99-AAC5-4E05-BA6C-7AAFBB587B69}.Release|Any CPU.Build.0 = Release|Any CPU
		{032FDD99-AAC5-4E05-BA6C-7AAFBB587B69}.Release|x64.ActiveCfg = Release|x64
		{032FDD99-AAC5-4E05-BA6C-7AAFBB587B69}.Release|x64.Build.0 = Release|x64
		{032FDD99-AAC5-4E05-BA6C-7AAFBB587B69}.Release|x86.ActiveCfg = Release|Any CPU
		{032FDD99-AAC5-4E05-BA6C-7AAFBB587B69}.Release|x86.Build.0 = Release|Any CPU
		{25695763-CABE-4F70-B682-F83237D1FB29}.Debug|Any CPU.ActiveCfg = Debug
		{25695763-CABE-4F70-B682-F83237D1FB29}.Debug|x64.ActiveCfg = Debug
		{25695763-CABE-4F70-B682-F83237D1FB29}.Debug|x64.Build.0 = Debug
		{25695763-CABE-4F70-B682-F83237D1FB29}.Debug|x86.ActiveCfg = Debug
		{25695763-CABE-4F70-B682-F83237D1FB29}.Release|Any CPU.ActiveCfg = Release
		{25695763-CABE-4F70-B682-F83237D1FB29}.Release|x64.ActiveCfg = Release
		{25695763-CABE-4F70-B682-F83237D1FB29}.Release|x64.Build.0 = Release
		{25695763-CABE-4F70-B682-F83237D1FB29}.Release|x86.ActiveCfg = Release
		{72FA8AB6-CE77-4578-8202-0DD32264783E}.Debug|Any CPU.ActiveCfg = Debug|Any CPU
		{72FA8AB6-CE77-4578-8202-0DD32264783E}.Debug|Any CPU.Build.0 = Debug|Any CPU
		{72FA8AB6-CE77-4578-8202-0DD32264783E}.Debug|x64.ActiveCfg = Debug|Any CPU
		{72FA8AB6-CE77-4578-8202-0DD32264783E}.Debug|x64.Build.0 = Debug|Any CPU
		{72FA8AB6-CE77-4578-8202-0DD32264783E}.Debug|x86.ActiveCfg = Debug|Any CPU
		{72FA8AB6-CE77-4578-8202-0DD32264783E}.Debug|x86.Build.0 = Debug|Any CPU
		{72FA8AB6-CE77-4578-8202-0DD32264783E}.Release|Any CPU.ActiveCfg = Release|Any CPU
		{72FA8AB6-CE77-4578-8202-0DD32264783E}.Release|Any CPU.Build.0 = Release|Any CPU
		{72FA8AB6-CE77-4578-8202-0DD32264783E}.Release|x64.ActiveCfg = Release|Any CPU
		{72FA8AB6-CE77-4578-8202-0DD32264783E}.Release|x64.Build.0 = Release|Any CPU
		{72FA8AB6-CE77-4578-8202-0DD32264783E}.Release|x86.ActiveCfg = Release|Any CPU
		{72FA8AB6-CE77-4578-8202-0DD32264783E}.Release|x86.Build.0 = Release|Any CPU
		{95758CFA-9597-42FF-B662-0B8B86720955}.Debug|Any CPU.ActiveCfg = Debug|Any CPU
		{95758CFA-9597-42FF-B662-0B8B86720955}.Debug|Any CPU.Build.0 = Debug|Any CPU
		{95758CFA-9597-42FF-B662-0B8B86720955}.Debug|x64.ActiveCfg = Debug|Any CPU
		{95758CFA-9597-42FF-B662-0B8B86720955}.Debug|x64.Build.0 = Debug|Any CPU
		{95758CFA-9597-42FF-B662-0B8B86720955}.Debug|x86.ActiveCfg = Debug|Any CPU
		{95758CFA-9597-42FF-B662-0B8B86720955}.Debug|x86.Build.0 = Debug|Any CPU
		{95758CFA-9597-42FF-B662-0B8B86720955}.Release|Any CPU.ActiveCfg = Release|Any CPU
		{95758CFA-9597-42FF-B662-0B8B86720955}.Release|Any CPU.Build.0 = Release|Any CPU
		{95758CFA-9597-42FF-B662-0B8B86720955}.Release|x64.ActiveCfg = Release|Any CPU
		{95758CFA-9597-42FF-B662-0B8B86720955}.Release|x64.Build.0 = Release|Any CPU
		{95758CFA-9597-42FF-B662-0B8B86720955}.Release|x86.ActiveCfg = Release|Any CPU
		{95758CFA-9597-42FF-B662-0B8B86720955}.Release|x86.Build.0 = Release|Any CPU
	EndGlobalSection
	GlobalSection(SolutionProperties) = preSolution
		HideSolutionNode = FALSE
	EndGlobalSection
	GlobalSection(NestedProjects) = preSolution
		{532B9F94-4D8E-41AA-8F76-8B59526AF5B4} = {5819CB11-4898-44D0-8646-FAFE081002B2}
		{FAEFC259-FF2E-49C3-95F2-7EA58EBD3B15} = {5819CB11-4898-44D0-8646-FAFE081002B2}
		{7D1D6E99-897F-4080-BB38-623ABC836FD9} = {5819CB11-4898-44D0-8646-FAFE081002B2}
		{4D393AD4-9DF8-4864-8B92-A64D46DA038C} = {07A35832-5080-42FF-B49B-4CEEDFB51479}
		{72FA8AB6-CE77-4578-8202-0DD32264783E} = {07A35832-5080-42FF-B49B-4CEEDFB51479}
		{95758CFA-9597-42FF-B662-0B8B86720955} = {07A35832-5080-42FF-B49B-4CEEDFB51479}
	EndGlobalSection
EndGlobal
